
Microsoft Visual Studio Solution File, Format Version 12.00
# Visual Studio Version 17
VisualStudioVersion = 17.5.002.0
MinimumVisualStudioVersion = 10.0.40219.1
Project("{9A19103F-16F7-4668-BE54-9A1E7A4F7556}") = "BlazorWasm", "BlazorWasm.csproj", "{8984C107-88FD-474F-BC05-8830EEA1A065}"
EndProject
Global
	GlobalSection(SolutionConfigurationPlatforms) = preSolution
		Debug|Any CPU = Debug|Any CPU
		Release|Any CPU = Release|Any CPU
	EndGlobalSection
	GlobalSection(ProjectConfigurationPlatforms) = postSolution
		{8984C107-88FD-474F-BC05-8830EEA1A065}.Debug|Any CPU.ActiveCfg = Debug|Any CPU
		{8984C107-88FD-474F-BC05-8830EEA1A065}.Debug|Any CPU.Build.0 = Debug|Any CPU
		{8984C107-88FD-474F-BC05-8830EEA1A065}.Release|Any CPU.ActiveCfg = Release|Any CPU
		{8984C107-88FD-474F-BC05-8830EEA1A065}.Release|Any CPU.Build.0 = Release|Any CPU
	EndGlobalSection
	GlobalSection(SolutionProperties) = preSolution
		HideSolutionNode = FALSE
	EndGlobalSection
	GlobalSection(ExtensibilityGlobals) = postSolution
		SolutionGuid = {C4D4545B-3B32-4BDA-9289-EB12F9EBBDD0}
	EndGlobalSection
EndGlobal
